{
  "version": 1,
  "dependencies": {
    "net8.0": {
      "Microsoft.Build.Tasks.Git": {
        "type": "Direct",
        "requested": "[8.0.0, )",
        "resolved": "8.0.0",
        "contentHash": "bZKfSIKJRXLTuSzLudMFte/8CempWjVamNUR5eHJizsy+iuOuO/k2gnh7W0dHJmYY0tBf+gUErfluCv5mySAOQ=="
      },
      "Microsoft.DotNet.ILCompiler": {
        "type": "Direct",
        "requested": "[8.0.6, )",
        "resolved": "8.0.6",
        "contentHash": "u3mX8tpzurjYoh4FcSdK+nDeEk29XvFCPM91jW0JVyQxdi2LlwHIn7Ac7qVLkxwcCdPPHHfPj6mgxfeNRQXu0Q=="
      },
      "Microsoft.NET.ILLink.Tasks": {
        "type": "Direct",
        "requested": "[8.0.6, )",
        "resolved": "8.0.6",
        "contentHash": "E+lDylsTeP4ZiDmnEkiJ5wobnGaIJzFhOgZppznJCb69UZgbh6G3cfv1pnLDLLBx6JAgl0kAlnINDeT3uCuczQ=="
      },
      "TestableIO.System.IO.Abstractions.Analyzers": {
        "type": "Direct",
        "requested": "[2022.0.0, )",
        "resolved": "2022.0.0",
        "contentHash": "rVk7HyTWXC1IOHTLMOzZyX6Wu1qbwVoA17XGF837uUElDnfg4emPxewPpGSgtuJzuJeoH4SGeQtDoB8v9J1d9Q=="
      },
      "unicorn.livelogviewer": {
        "type": "Project"
      }
    }
  }
}